// !$*UTF8*$!
{
	archiveVersion = 1;
	classes = {
	};
	objectVersion = 77;
	objects = {

/* Begin PBXBuildFile section */
		0606BCF283269A8439403A3C /* LLMTranslator.swift in Sources */ = {isa = PBXBuildFile; fileRef = B2489B151265B23DF2E697E7 /* LLMTranslator.swift */; };
		07EDEAEBF5451ADCBC014774 /* KeychainStore.swift in Sources */ = {isa = PBXBuildFile; fileRef = CB635DCE7D96CDBBCF726E3B /* KeychainStore.swift */; };
		0ECEAA69C4D2E1A3A201C515 /* Caption.swift in Sources */ = {isa = PBXBuildFile; fileRef = F31F61C971CF9FAFBC8E0D8F /* Caption.swift */; };
		17E992D9EA4F2114D1037F2B /* WhisperKit in Frameworks */ = {isa = PBXBuildFile; productRef = C776286D4A1F55BBAF48E569 /* WhisperKit */; };
		203AD19AB33E986E9FCF7407 /* CaptionPipelineTests.swift in Sources */ = {isa = PBXBuildFile; fileRef = 951AD348B0351334D6D749BB /* CaptionPipelineTests.swift */; };
		28E596E8CE4B6371358B8E21 /* WhisperKitEnglishASR.swift in Sources */ = {isa = PBXBuildFile; fileRef = C0A7581D6B9FBAF7EA96A917 /* WhisperKitEnglishASR.swift */; };
		30DB2BD0191FCB7CB5E9A81B /* EnglishASRTests.swift in Sources */ = {isa = PBXBuildFile; fileRef = 05827D572AEC927FDBC7A995 /* EnglishASRTests.swift */; };
		371D6894853704EBCF0EACEF /* AudioResamplerTests.swift in Sources */ = {isa = PBXBuildFile; fileRef = 21F25BAED70738E1C7808E0D /* AudioResamplerTests.swift */; };
		4138891065218DF34A98B30B /* AudioSource.swift in Sources */ = {isa = PBXBuildFile; fileRef = 514EB4CC5ABCC5B1D167846B /* AudioSource.swift */; };
		5FA8DC68510E3BCBD30B8B8E /* LLMTranslatorTests.swift in Sources */ = {isa = PBXBuildFile; fileRef = 3158AFF26F326699302A3453 /* LLMTranslatorTests.swift */; };
		6951F3EC951CC0AF81F5C7A7 /* MicrophoneAudioSource.swift in Sources */ = {isa = PBXBuildFile; fileRef = D1A9DBD701D36B06F4FB759B /* MicrophoneAudioSource.swift */; };
		781394A8648B770B116DD7A9 /* FallbackTranslatorTests.swift in Sources */ = {isa = PBXBuildFile; fileRef = 33A17F391FF272506D5F7CC7 /* FallbackTranslatorTests.swift */; };
		8390038F37A3DB9F345A6BEB /* Translator.swift in Sources */ = {isa = PBXBuildFile; fileRef = A14A21BAB6D6B778ED33F4DC /* Translator.swift */; };
		8B160B4D6D884EF4375C31DF /* AudioResampler.swift in Sources */ = {isa = PBXBuildFile; fileRef = B7DD20B5499A81564E4506EA /* AudioResampler.swift */; };
		9326B7E71407F330DC89021B /* SystemAudioSource.swift in Sources */ = {isa = PBXBuildFile; fileRef = 81871EB100C24D59D7206106 /* SystemAudioSource.swift */; };
		9B34C9E19C8C445019C460EB /* FallbackTranslator.swift in Sources */ = {isa = PBXBuildFile; fileRef = 313074BB2CA6514C6D98EBC5 /* FallbackTranslator.swift */; };
		A06B58F48A779155CD8BEAD2 /* AppleTranslator.swift in Sources */ = {isa = PBXBuildFile; fileRef = 14EE5877A22E0CF18CB1C520 /* AppleTranslator.swift */; };
		A2E201778D16AF9E182A3A71 /* CaptionTests.swift in Sources */ = {isa = PBXBuildFile; fileRef = F95231801D92035FDEF44F73 /* CaptionTests.swift */; };
		B5457F37C78BF7EBBD0DC1BB /* EnglishASR.swift in Sources */ = {isa = PBXBuildFile; fileRef = 6F1C4932952FDA194F4A766E /* EnglishASR.swift */; };
		BA5E98171B9F39AF04BD60D6 /* AppSessionState.swift in Sources */ = {isa = PBXBuildFile; fileRef = BCCACE71F234130995CFE19E /* AppSessionState.swift */; };
		C0FB1576871AF225AC5D6B29 /* CaptionPipeline.swift in Sources */ = {isa = PBXBuildFile; fileRef = B112E8DFE95C67C070068F97 /* CaptionPipeline.swift */; };
		C132EA650D5D40B957996427 /* SettingsView.swift in Sources */ = {isa = PBXBuildFile; fileRef = CF47A5672CBF12DC53007E02 /* SettingsView.swift */; };
		C49A3913B9007C129095CBA1 /* KeychainStoreTests.swift in Sources */ = {isa = PBXBuildFile; fileRef = 5E4864BDD458A23F7DFA98F2 /* KeychainStoreTests.swift */; };
		DCABBABAF64FEEAE0514D285 /* CaptionFlowApp.swift in Sources */ = {isa = PBXBuildFile; fileRef = B236FF5638BE2088FFFEEA01 /* CaptionFlowApp.swift */; };
		F10881E78084D4CC09329F37 /* LLMConfiguration.swift in Sources */ = {isa = PBXBuildFile; fileRef = 4FA27123837B79EAA6F364FD /* LLMConfiguration.swift */; };
		F87F9B313CAA5C5E4A5FD830 /* WhisperKitEnglishASRTests.swift in Sources */ = {isa = PBXBuildFile; fileRef = 89AFB0FE2E99E0BBCD3E60E4 /* WhisperKitEnglishASRTests.swift */; };
/* End PBXBuildFile section */

/* Begin PBXContainerItemProxy section */
		E50BCB472F6F012F07FCC56A /* PBXContainerItemProxy */ = {
			isa = PBXContainerItemProxy;
			containerPortal = 27E254E0C214010A513964D0 /* Project object */;
			proxyType = 1;
			remoteGlobalIDString = 7BEC8AD8FEDC130F32D278A1;
			remoteInfo = CaptionFlow;
		};
/* End PBXContainerItemProxy section */

/* Begin PBXFileReference section */
		05827D572AEC927FDBC7A995 /* EnglishASRTests.swift */ = {isa = PBXFileReference; lastKnownFileType = sourcecode.swift; path = EnglishASRTests.swift; sourceTree = "<group>"; };
		14EE5877A22E0CF18CB1C520 /* AppleTranslator.swift */ = {isa = PBXFileReference; lastKnownFileType = sourcecode.swift; path = AppleTranslator.swift; sourceTree = "<group>"; };
		21F25BAED70738E1C7808E0D /* AudioResamplerTests.swift */ = {isa = PBXFileReference; lastKnownFileType = sourcecode.swift; path = AudioResamplerTests.swift; sourceTree = "<group>"; };
		313074BB2CA6514C6D98EBC5 /* FallbackTranslator.swift */ = {isa = PBXFileReference; lastKnownFileType = sourcecode.swift; path = FallbackTranslator.swift; sourceTree = "<group>"; };
		3158AFF26F326699302A3453 /* LLMTranslatorTests.swift */ = {isa = PBXFileReference; lastKnownFileType = sourcecode.swift; path = LLMTranslatorTests.swift; sourceTree = "<group>"; };
		33A17F391FF272506D5F7CC7 /* FallbackTranslatorTests.swift */ = {isa = PBXFileReference; lastKnownFileType = sourcecode.swift; path = FallbackTranslatorTests.swift; sourceTree = "<group>"; };
		432378C702CE5E73ABF227C4 /* CaptionFlow.app */ = {isa = PBXFileReference; explicitFileType = wrapper.application; includeInIndex = 0; path = CaptionFlow.app; sourceTree = BUILT_PRODUCTS_DIR; };
		463515DB1914DE9551A9834F /* CaptionFlow.entitlements */ = {isa = PBXFileReference; lastKnownFileType = text.plist.entitlements; path = CaptionFlow.entitlements; sourceTree = "<group>"; };
		4FA27123837B79EAA6F364FD /* LLMConfiguration.swift */ = {isa = PBXFileReference; lastKnownFileType = sourcecode.swift; path = LLMConfiguration.swift; sourceTree = "<group>"; };
		514EB4CC5ABCC5B1D167846B /* AudioSource.swift */ = {isa = PBXFileReference; lastKnownFileType = sourcecode.swift; path = AudioSource.swift; sourceTree = "<group>"; };
		5E4864BDD458A23F7DFA98F2 /* KeychainStoreTests.swift */ = {isa = PBXFileReference; lastKnownFileType = sourcecode.swift; path = KeychainStoreTests.swift; sourceTree = "<group>"; };
		6F1C4932952FDA194F4A766E /* EnglishASR.swift */ = {isa = PBXFileReference; lastKnownFileType = sourcecode.swift; path = EnglishASR.swift; sourceTree = "<group>"; };
		81871EB100C24D59D7206106 /* SystemAudioSource.swift */ = {isa = PBXFileReference; lastKnownFileType = sourcecode.swift; path = SystemAudioSource.swift; sourceTree = "<group>"; };
		89AFB0FE2E99E0BBCD3E60E4 /* WhisperKitEnglishASRTests.swift */ = {isa = PBXFileReference; lastKnownFileType = sourcecode.swift; path = WhisperKitEnglishASRTests.swift; sourceTree = "<group>"; };
		951AD348B0351334D6D749BB /* CaptionPipelineTests.swift */ = {isa = PBXFileReference; lastKnownFileType = sourcecode.swift; path = CaptionPipelineTests.swift; sourceTree = "<group>"; };
		A14A21BAB6D6B778ED33F4DC /* Translator.swift */ = {isa = PBXFileReference; lastKnownFileType = sourcecode.swift; path = Translator.swift; sourceTree = "<group>"; };
		AE665300E20F373B58418EBB /* CaptionFlowTests.xctest */ = {isa = PBXFileReference; explicitFileType = wrapper.cfbundle; includeInIndex = 0; path = CaptionFlowTests.xctest; sourceTree = BUILT_PRODUCTS_DIR; };
		B112E8DFE95C67C070068F97 /* CaptionPipeline.swift */ = {isa = PBXFileReference; lastKnownFileType = sourcecode.swift; path = CaptionPipeline.swift; sourceTree = "<group>"; };
		B236FF5638BE2088FFFEEA01 /* CaptionFlowApp.swift */ = {isa = PBXFileReference; lastKnownFileType = sourcecode.swift; path = CaptionFlowApp.swift; sourceTree = "<group>"; };
		B2489B151265B23DF2E697E7 /* LLMTranslator.swift */ = {isa = PBXFileReference; lastKnownFileType = sourcecode.swift; path = LLMTranslator.swift; sourceTree = "<group>"; };
		B7DD20B5499A81564E4506EA /* AudioResampler.swift */ = {isa = PBXFileReference; lastKnownFileType = sourcecode.swift; path = AudioResampler.swift; sourceTree = "<group>"; };
		BCCACE71F234130995CFE19E /* AppSessionState.swift */ = {isa = PBXFileReference; lastKnownFileType = sourcecode.swift; path = AppSessionState.swift; sourceTree = "<group>"; };
		C0A7581D6B9FBAF7EA96A917 /* WhisperKitEnglishASR.swift */ = {isa = PBXFileReference; lastKnownFileType = sourcecode.swift; path = WhisperKitEnglishASR.swift; sourceTree = "<group>"; };
		CB635DCE7D96CDBBCF726E3B /* KeychainStore.swift */ = {isa = PBXFileReference; lastKnownFileType = sourcecode.swift; path = KeychainStore.swift; sourceTree = "<group>"; };
		CF47A5672CBF12DC53007E02 /* SettingsView.swift */ = {isa = PBXFileReference; lastKnownFileType = sourcecode.swift; path = SettingsView.swift; sourceTree = "<group>"; };
		D1A9DBD701D36B06F4FB759B /* MicrophoneAudioSource.swift */ = {isa = PBXFileReference; lastKnownFileType = sourcecode.swift; path = MicrophoneAudioSource.swift; sourceTree = "<group>"; };
		F31F61C971CF9FAFBC8E0D8F /* Caption.swift */ = {isa = PBXFileReference; lastKnownFileType = sourcecode.swift; path = Caption.swift; sourceTree = "<group>"; };
		F95231801D92035FDEF44F73 /* CaptionTests.swift */ = {isa = PBXFileReference; lastKnownFileType = sourcecode.swift; path = CaptionTests.swift; sourceTree = "<group>"; };
/* End PBXFileReference section */

/* Begin PBXFrameworksBuildPhase section */
		97CEE45D07E9896B7B1DE2C8 /* Frameworks */ = {
			isa = PBXFrameworksBuildPhase;
			buildActionMask = 2147483647;
			files = (
				17E992D9EA4F2114D1037F2B /* WhisperKit in Frameworks */,
			);
			runOnlyForDeploymentPostprocessing = 0;
		};
/* End PBXFrameworksBuildPhase section */

/* Begin PBXGroup section */
		2CD7EDE90A022E8393B6AADD /* CaptionFlow */ = {
			isa = PBXGroup;
			children = (
				463515DB1914DE9551A9834F /* CaptionFlow.entitlements */,
				B236FF5638BE2088FFFEEA01 /* CaptionFlowApp.swift */,
				CE655A7724BDA1D0A1A3BA8C /* ASR */,
				C002A0F9D94F973E1455BA07 /* Audio */,
				D78D98B37025814A0BDA3A1B /* Domain */,
				E58CB8EE8FD1F3E8FA4699E2 /* Presentation */,
				500C1648A8DFF924468F16EE /* Security */,
				9C891F8AFE64CF4E1E67A70E /* Translation */,
			);
			path = CaptionFlow;
			sourceTree = "<group>";
		};
		500C1648A8DFF924468F16EE /* Security */ = {
			isa = PBXGroup;
			children = (
				CB635DCE7D96CDBBCF726E3B /* KeychainStore.swift */,
			);
			path = Security;
			sourceTree = "<group>";
		};
		6595428E8045FF823AB1CFB9 = {
			isa = PBXGroup;
			children = (
				2CD7EDE90A022E8393B6AADD /* CaptionFlow */,
				8B466ABBAE72A21D6A66E8D9 /* CaptionFlowTests */,
				A3405BAB6BBAC12ED3DD3B22 /* Products */,
			);
			sourceTree = "<group>";
		};
		8B466ABBAE72A21D6A66E8D9 /* CaptionFlowTests */ = {
			isa = PBXGroup;
			children = (
				21F25BAED70738E1C7808E0D /* AudioResamplerTests.swift */,
				951AD348B0351334D6D749BB /* CaptionPipelineTests.swift */,
				F95231801D92035FDEF44F73 /* CaptionTests.swift */,
				05827D572AEC927FDBC7A995 /* EnglishASRTests.swift */,
				33A17F391FF272506D5F7CC7 /* FallbackTranslatorTests.swift */,
				5E4864BDD458A23F7DFA98F2 /* KeychainStoreTests.swift */,
				3158AFF26F326699302A3453 /* LLMTranslatorTests.swift */,
				89AFB0FE2E99E0BBCD3E60E4 /* WhisperKitEnglishASRTests.swift */,
			);
			path = CaptionFlowTests;
			sourceTree = "<group>";
		};
		9C891F8AFE64CF4E1E67A70E /* Translation */ = {
			isa = PBXGroup;
			children = (
				14EE5877A22E0CF18CB1C520 /* AppleTranslator.swift */,
				313074BB2CA6514C6D98EBC5 /* FallbackTranslator.swift */,
				4FA27123837B79EAA6F364FD /* LLMConfiguration.swift */,
				B2489B151265B23DF2E697E7 /* LLMTranslator.swift */,
				A14A21BAB6D6B778ED33F4DC /* Translator.swift */,
			);
			path = Translation;
			sourceTree = "<group>";
		};
		A3405BAB6BBAC12ED3DD3B22 /* Products */ = {
			isa = PBXGroup;
			children = (
				432378C702CE5E73ABF227C4 /* CaptionFlow.app */,
				AE665300E20F373B58418EBB /* CaptionFlowTests.xctest */,
			);
			name = Products;
			sourceTree = "<group>";
		};
		C002A0F9D94F973E1455BA07 /* Audio */ = {
			isa = PBXGroup;
			children = (
				B7DD20B5499A81564E4506EA /* AudioResampler.swift */,
				514EB4CC5ABCC5B1D167846B /* AudioSource.swift */,
				D1A9DBD701D36B06F4FB759B /* MicrophoneAudioSource.swift */,
				81871EB100C24D59D7206106 /* SystemAudioSource.swift */,
			);
			path = Audio;
			sourceTree = "<group>";
		};
		CE655A7724BDA1D0A1A3BA8C /* ASR */ = {
			isa = PBXGroup;
			children = (
				6F1C4932952FDA194F4A766E /* EnglishASR.swift */,
				C0A7581D6B9FBAF7EA96A917 /* WhisperKitEnglishASR.swift */,
			);
			path = ASR;
			sourceTree = "<group>";
		};
		D78D98B37025814A0BDA3A1B /* Domain */ = {
			isa = PBXGroup;
			children = (
				BCCACE71F234130995CFE19E /* AppSessionState.swift */,
				F31F61C971CF9FAFBC8E0D8F /* Caption.swift */,
				B112E8DFE95C67C070068F97 /* CaptionPipeline.swift */,
			);
			path = Domain;
			sourceTree = "<group>";
		};
		E58CB8EE8FD1F3E8FA4699E2 /* Presentation */ = {
			isa = PBXGroup;
			children = (
				CF47A5672CBF12DC53007E02 /* SettingsView.swift */,
			);
			path = Presentation;
			sourceTree = "<group>";
		};
/* End PBXGroup section */

/* Begin PBXNativeTarget section */
		387A87D179C4910EEA73CD80 /* CaptionFlowTests */ = {
			isa = PBXNativeTarget;
			buildConfigurationList = F2BC8FB74C8AE32F2EB80D88 /* Build configuration list for PBXNativeTarget "CaptionFlowTests" */;
			buildPhases = (
				43946226E185033F5E5396D7 /* Sources */,
			);
			buildRules = (
			);
			dependencies = (
				FB58A9DB7634C771A238B04C /* PBXTargetDependency */,
			);
			name = CaptionFlowTests;
			packageProductDependencies = (
			);
			productName = CaptionFlowTests;
			productReference = AE665300E20F373B58418EBB /* CaptionFlowTests.xctest */;
			productType = "com.apple.product-type.bundle.unit-test";
		};
		7BEC8AD8FEDC130F32D278A1 /* CaptionFlow */ = {
			isa = PBXNativeTarget;
			buildConfigurationList = DF567CBA29D9767D16B69596 /* Build configuration list for PBXNativeTarget "CaptionFlow" */;
			buildPhases = (
				FE02E8F3AEB307C5591BFCC5 /* Sources */,
				97CEE45D07E9896B7B1DE2C8 /* Frameworks */,
			);
			buildRules = (
			);
			dependencies = (
			);
			name = CaptionFlow;
			packageProductDependencies = (
				C776286D4A1F55BBAF48E569 /* WhisperKit */,
			);
			productName = CaptionFlow;
			productReference = 432378C702CE5E73ABF227C4 /* CaptionFlow.app */;
			productType = "com.apple.product-type.application";
		};
/* End PBXNativeTarget section */

/* Begin PBXProject section */
		27E254E0C214010A513964D0 /* Project object */ = {
			isa = PBXProject;
			attributes = {
				BuildIndependentTargetsInParallel = YES;
				LastUpgradeCheck = 1430;
				TargetAttributes = {
				};
			};
			buildConfigurationList = 4C5E0CF810A47BD6BAA5F49E /* Build configuration list for PBXProject "CaptionFlow" */;
			developmentRegion = en;
			hasScannedForEncodings = 0;
			knownRegions = (
				Base,
				en,
			);
			mainGroup = 6595428E8045FF823AB1CFB9;
			minimizedProjectReferenceProxies = 1;
			packageReferences = (
				D90594807FCE8FB6CB2EBD89 /* XCRemoteSwiftPackageReference "argmax-oss-swift" */,
			);
			preferredProjectObjectVersion = 77;
			productRefGroup = A3405BAB6BBAC12ED3DD3B22 /* Products */;
			projectDirPath = "";
			projectRoot = "";
			targets = (
				7BEC8AD8FEDC130F32D278A1 /* CaptionFlow */,
				387A87D179C4910EEA73CD80 /* CaptionFlowTests */,
			);
		};
/* End PBXProject section */

/* Begin PBXSourcesBuildPhase section */
		43946226E185033F5E5396D7 /* Sources */ = {
			isa = PBXSourcesBuildPhase;
			buildActionMask = 2147483647;
			files = (
				371D6894853704EBCF0EACEF /* AudioResamplerTests.swift in Sources */,
				203AD19AB33E986E9FCF7407 /* CaptionPipelineTests.swift in Sources */,
				A2E201778D16AF9E182A3A71 /* CaptionTests.swift in Sources */,
				30DB2BD0191FCB7CB5E9A81B /* EnglishASRTests.swift in Sources */,
				781394A8648B770B116DD7A9 /* FallbackTranslatorTests.swift in Sources */,
				C49A3913B9007C129095CBA1 /* KeychainStoreTests.swift in Sources */,
				5FA8DC68510E3BCBD30B8B8E /* LLMTranslatorTests.swift in Sources */,
				F87F9B313CAA5C5E4A5FD830 /* WhisperKitEnglishASRTests.swift in Sources */,
			);
			runOnlyForDeploymentPostprocessing = 0;
		};
		FE02E8F3AEB307C5591BFCC5 /* Sources */ = {
			isa = PBXSourcesBuildPhase;
			buildActionMask = 2147483647;
			files = (
				BA5E98171B9F39AF04BD60D6 /* AppSessionState.swift in Sources */,
				A06B58F48A779155CD8BEAD2 /* AppleTranslator.swift in Sources */,
				8B160B4D6D884EF4375C31DF /* AudioResampler.swift in Sources */,
				4138891065218DF34A98B30B /* AudioSource.swift in Sources */,
				0ECEAA69C4D2E1A3A201C515 /* Caption.swift in Sources */,
				DCABBABAF64FEEAE0514D285 /* CaptionFlowApp.swift in Sources */,
				C0FB1576871AF225AC5D6B29 /* CaptionPipeline.swift in Sources */,
				B5457F37C78BF7EBBD0DC1BB /* EnglishASR.swift in Sources */,
				9B34C9E19C8C445019C460EB /* FallbackTranslator.swift in Sources */,
				07EDEAEBF5451ADCBC014774 /* KeychainStore.swift in Sources */,
				F10881E78084D4CC09329F37 /* LLMConfiguration.swift in Sources */,
				0606BCF283269A8439403A3C /* LLMTranslator.swift in Sources */,
				6951F3EC951CC0AF81F5C7A7 /* MicrophoneAudioSource.swift in Sources */,
				C132EA650D5D40B957996427 /* SettingsView.swift in Sources */,
				9326B7E71407F330DC89021B /* SystemAudioSource.swift in Sources */,
				8390038F37A3DB9F345A6BEB /* Translator.swift in Sources */,
				28E596E8CE4B6371358B8E21 /* WhisperKitEnglishASR.swift in Sources */,
			);
			runOnlyForDeploymentPostprocessing = 0;
		};
/* End PBXSourcesBuildPhase section */

/* Begin PBXTargetDependency section */
		FB58A9DB7634C771A238B04C /* PBXTargetDependency */ = {
			isa = PBXTargetDependency;
			target = 7BEC8AD8FEDC130F32D278A1 /* CaptionFlow */;
			targetProxy = E50BCB472F6F012F07FCC56A /* PBXContainerItemProxy */;
		};
/* End PBXTargetDependency section */

/* Begin XCBuildConfiguration section */
		2161307849F5E418FEF8FD64 /* Release */ = {
			isa = XCBuildConfiguration;
			buildSettings = {
				BUNDLE_LOADER = "$(TEST_HOST)";
				COMBINE_HIDPI_IMAGES = YES;
				GENERATE_INFOPLIST_FILE = YES;
				LD_RUNPATH_SEARCH_PATHS = (
					"$(inherited)",
					"@executable_path/../Frameworks",
					"@loader_path/../Frameworks",
				);
				SDKROOT = macosx;
				TEST_HOST = "$(BUILT_PRODUCTS_DIR)/CaptionFlow.app/Contents/MacOS/CaptionFlow";
			};
			name = Release;
		};
		24D5CD14AD9703AD8DA97370 /* Release */ = {
			isa = XCBuildConfiguration;
			buildSettings = {
				ASSETCATALOG_COMPILER_APPICON_NAME = AppIcon;
				CODE_SIGN_ENTITLEMENTS = CaptionFlow/CaptionFlow.entitlements;
				COMBINE_HIDPI_IMAGES = YES;
				GENERATE_INFOPLIST_FILE = YES;
				INFOPLIST_KEY_NSMicrophoneUsageDescription = "CaptionFlow needs microphone access to generate live captions from your speech.";
				LD_RUNPATH_SEARCH_PATHS = (
					"$(inherited)",
					"@executable_path/../Frameworks",
				);
				PRODUCT_BUNDLE_IDENTIFIER = com.taihongteng.CaptionFlow;
				SDKROOT = macosx;
			};
			name = Release;
		};
		2E8AD3779710DC8157CAB300 /* Debug */ = {
			isa = XCBuildConfiguration;
			buildSettings = {
				ASSETCATALOG_COMPILER_APPICON_NAME = AppIcon;
				CODE_SIGN_ENTITLEMENTS = CaptionFlow/CaptionFlow.entitlements;
				COMBINE_HIDPI_IMAGES = YES;
				GENERATE_INFOPLIST_FILE = YES;
				INFOPLIST_KEY_NSMicrophoneUsageDescription = "CaptionFlow needs microphone access to generate live captions from your speech.";
				LD_RUNPATH_SEARCH_PATHS = (
					"$(inherited)",
					"@executable_path/../Frameworks",
				);
				PRODUCT_BUNDLE_IDENTIFIER = com.taihongteng.CaptionFlow;
				SDKROOT = macosx;
			};
			name = Debug;
		};
		31DD31B25280155B23E6D92D /* Debug */ = {
			isa = XCBuildConfiguration;
			buildSettings = {
				ALWAYS_SEARCH_USER_PATHS = NO;
				CLANG_ANALYZER_NONNULL = YES;
				CLANG_ANALYZER_NUMBER_OBJECT_CONVERSION = YES_AGGRESSIVE;
				CLANG_CXX_LANGUAGE_STANDARD = "gnu++14";
				CLANG_CXX_LIBRARY = "libc++";
				CLANG_ENABLE_MODULES = YES;
				CLANG_ENABLE_OBJC_ARC = YES;
				CLANG_ENABLE_OBJC_WEAK = YES;
				CLANG_WARN_BLOCK_CAPTURE_AUTORELEASING = YES;
				CLANG_WARN_BOOL_CONVERSION = YES;
				CLANG_WARN_COMMA = YES;
				CLANG_WARN_CONSTANT_CONVERSION = YES;
				CLANG_WARN_DEPRECATED_OBJC_IMPLEMENTATIONS = YES;
				CLANG_WARN_DIRECT_OBJC_ISA_USAGE = YES_ERROR;
				CLANG_WARN_DOCUMENTATION_COMMENTS = YES;
				CLANG_WARN_EMPTY_BODY = YES;
				CLANG_WARN_ENUM_CONVERSION = YES;
				CLANG_WARN_INFINITE_RECURSION = YES;
				CLANG_WARN_INT_CONVERSION = YES;
				CLANG_WARN_NON_LITERAL_NULL_CONVERSION = YES;
				CLANG_WARN_OBJC_IMPLICIT_RETAIN_SELF = YES;
				CLANG_WARN_OBJC_LITERAL_CONVERSION = YES;
				CLANG_WARN_OBJC_ROOT_CLASS = YES_ERROR;
				CLANG_WARN_QUOTED_INCLUDE_IN_FRAMEWORK_HEADER = YES;
				CLANG_WARN_RANGE_LOOP_ANALYSIS = YES;
				CLANG_WARN_STRICT_PROTOTYPES = YES;
				CLANG_WARN_SUSPICIOUS_MOVE = YES;
				CLANG_WARN_UNGUARDED_AVAILABILITY = YES_AGGRESSIVE;
				CLANG_WARN_UNREACHABLE_CODE = YES;
				CLANG_WARN__DUPLICATE_METHOD_MATCH = YES;
				COPY_PHASE_STRIP = NO;
				DEBUG_INFORMATION_FORMAT = dwarf;
				ENABLE_STRICT_OBJC_MSGSEND = YES;
				ENABLE_TESTABILITY = YES;
				GCC_C_LANGUAGE_STANDARD = gnu11;
				GCC_DYNAMIC_NO_PIC = NO;
				GCC_NO_COMMON_BLOCKS = YES;
				GCC_OPTIMIZATION_LEVEL = 0;
				GCC_PREPROCESSOR_DEFINITIONS = (
					"$(inherited)",
					"DEBUG=1",
				);
				GCC_WARN_64_TO_32_BIT_CONVERSION = YES;
				GCC_WARN_ABOUT_RETURN_TYPE = YES_ERROR;
				GCC_WARN_UNDECLARED_SELECTOR = YES;
				GCC_WARN_UNINITIALIZED_AUTOS = YES_AGGRESSIVE;
				GCC_WARN_UNUSED_FUNCTION = YES;
				GCC_WARN_UNUSED_VARIABLE = YES;
				MACOSX_DEPLOYMENT_TARGET = 15.0;
				MTL_ENABLE_DEBUG_INFO = INCLUDE_SOURCE;
				MTL_FAST_MATH = YES;
				ONLY_ACTIVE_ARCH = YES;
				PRODUCT_NAME = "$(TARGET_NAME)";
				SDKROOT = macosx;
				SWIFT_ACTIVE_COMPILATION_CONDITIONS = DEBUG;
				SWIFT_OPTIMIZATION_LEVEL = "-Onone";
				SWIFT_VERSION = 5.9;
			};
			name = Debug;
		};
		74F7000A9C2F8404AD3E9EF4 /* Release */ = {
			isa = XCBuildConfiguration;
			buildSettings = {
				ALWAYS_SEARCH_USER_PATHS = NO;
				CLANG_ANALYZER_NONNULL = YES;
				CLANG_ANALYZER_NUMBER_OBJECT_CONVERSION = YES_AGGRESSIVE;
				CLANG_CXX_LANGUAGE_STANDARD = "gnu++14";
				CLANG_CXX_LIBRARY = "libc++";
				CLANG_ENABLE_MODULES = YES;
				CLANG_ENABLE_OBJC_ARC = YES;
				CLANG_ENABLE_OBJC_WEAK = YES;
				CLANG_WARN_BLOCK_CAPTURE_AUTORELEASING = YES;
				CLANG_WARN_BOOL_CONVERSION = YES;
				CLANG_WARN_COMMA = YES;
				CLANG_WARN_CONSTANT_CONVERSION = YES;
				CLANG_WARN_DEPRECATED_OBJC_IMPLEMENTATIONS = YES;
				CLANG_WARN_DIRECT_OBJC_ISA_USAGE = YES_ERROR;
				CLANG_WARN_DOCUMENTATION_COMMENTS = YES;
				CLANG_WARN_EMPTY_BODY = YES;
				CLANG_WARN_ENUM_CONVERSION = YES;
				CLANG_WARN_INFINITE_RECURSION = YES;
				CLANG_WARN_INT_CONVERSION = YES;
				CLANG_WARN_NON_LITERAL_NULL_CONVERSION = YES;
				CLANG_WARN_OBJC_IMPLICIT_RETAIN_SELF = YES;
				CLANG_WARN_OBJC_LITERAL_CONVERSION = YES;
				CLANG_WARN_OBJC_ROOT_CLASS = YES_ERROR;
				CLANG_WARN_QUOTED_INCLUDE_IN_FRAMEWORK_HEADER = YES;
				CLANG_WARN_RANGE_LOOP_ANALYSIS = YES;
				CLANG_WARN_STRICT_PROTOTYPES = YES;
				CLANG_WARN_SUSPICIOUS_MOVE = YES;
				CLANG_WARN_UNGUARDED_AVAILABILITY = YES_AGGRESSIVE;
				CLANG_WARN_UNREACHABLE_CODE = YES;
				CLANG_WARN__DUPLICATE_METHOD_MATCH = YES;
				COPY_PHASE_STRIP = NO;
				DEBUG_INFORMATION_FORMAT = "dwarf-with-dsym";
				ENABLE_NS_ASSERTIONS = NO;
				ENABLE_STRICT_OBJC_MSGSEND = YES;
				GCC_C_LANGUAGE_STANDARD = gnu11;
				GCC_NO_COMMON_BLOCKS = YES;
				GCC_WARN_64_TO_32_BIT_CONVERSION = YES;
				GCC_WARN_ABOUT_RETURN_TYPE = YES_ERROR;
				GCC_WARN_UNDECLARED_SELECTOR = YES;
				GCC_WARN_UNINITIALIZED_AUTOS = YES_AGGRESSIVE;
				GCC_WARN_UNUSED_FUNCTION = YES;
				GCC_WARN_UNUSED_VARIABLE = YES;
				MACOSX_DEPLOYMENT_TARGET = 15.0;
				MTL_ENABLE_DEBUG_INFO = NO;
				MTL_FAST_MATH = YES;
				PRODUCT_NAME = "$(TARGET_NAME)";
				SDKROOT = macosx;
				SWIFT_COMPILATION_MODE = wholemodule;
				SWIFT_OPTIMIZATION_LEVEL = "-O";
				SWIFT_VERSION = 5.9;
			};
			name = Release;
		};
		CD60CE950148FBFB248F995C /* Debug */ = {
			isa = XCBuildConfiguration;
			buildSettings = {
				BUNDLE_LOADER = "$(TEST_HOST)";
				COMBINE_HIDPI_IMAGES = YES;
				GENERATE_INFOPLIST_FILE = YES;
				LD_RUNPATH_SEARCH_PATHS = (
					"$(inherited)",
					"@executable_path/../Frameworks",
					"@loader_path/../Frameworks",
				);
				SDKROOT = macosx;
				TEST_HOST = "$(BUILT_PRODUCTS_DIR)/CaptionFlow.app/Contents/MacOS/CaptionFlow";
			};
			name = Debug;
		};
/* End XCBuildConfiguration section */

/* Begin XCConfigurationList section */
		4C5E0CF810A47BD6BAA5F49E /* Build configuration list for PBXProject "CaptionFlow" */ = {
			isa = XCConfigurationList;
			buildConfigurations = (
				31DD31B25280155B23E6D92D /* Debug */,
				74F7000A9C2F8404AD3E9EF4 /* Release */,
			);
			defaultConfigurationIsVisible = 0;
			defaultConfigurationName = Debug;
		};
		DF567CBA29D9767D16B69596 /* Build configuration list for PBXNativeTarget "CaptionFlow" */ = {
			isa = XCConfigurationList;
			buildConfigurations = (
				2E8AD3779710DC8157CAB300 /* Debug */,
				24D5CD14AD9703AD8DA97370 /* Release */,
			);
			defaultConfigurationIsVisible = 0;
			defaultConfigurationName = Debug;
		};
		F2BC8FB74C8AE32F2EB80D88 /* Build configuration list for PBXNativeTarget "CaptionFlowTests" */ = {
			isa = XCConfigurationList;
			buildConfigurations = (
				CD60CE950148FBFB248F995C /* Debug */,
				2161307849F5E418FEF8FD64 /* Release */,
			);
			defaultConfigurationIsVisible = 0;
			defaultConfigurationName = Debug;
		};
/* End XCConfigurationList section */

/* Begin XCRemoteSwiftPackageReference section */
		D90594807FCE8FB6CB2EBD89 /* XCRemoteSwiftPackageReference "argmax-oss-swift" */ = {
			isa = XCRemoteSwiftPackageReference;
			repositoryURL = "https://github.com/argmaxinc/argmax-oss-swift.git";
			requirement = {
				kind = exactVersion;
				version = 1.1.0;
			};
		};
/* End XCRemoteSwiftPackageReference section */

/* Begin XCSwiftPackageProductDependency section */
		C776286D4A1F55BBAF48E569 /* WhisperKit */ = {
			isa = XCSwiftPackageProductDependency;
			package = D90594807FCE8FB6CB2EBD89 /* XCRemoteSwiftPackageReference "argmax-oss-swift" */;
			productName = WhisperKit;
		};
/* End XCSwiftPackageProductDependency section */
	};
	rootObject = 27E254E0C214010A513964D0 /* Project object */;
}
